PODS:
  - FlutterMacOS (1.0.0)
  - h3_flutter (0.4.2):
    - FlutterMacOS

DEPENDENCIES:
  - FlutterMacOS (from `Flutter/ephemeral`)
  - h3_flutter (from `Flutter/ephemeral/.symlinks/plugins/h3_flutter/macos`)

EXTERNAL SOURCES:
  FlutterMacOS:
    :path: Flutter/ephemeral
  h3_flutter:
    :path: Flutter/ephemeral/.symlinks/plugins/h3_flutter/macos

SPEC CHECKSUMS:
  FlutterMacOS: 8f6f14fa908a6fb3fba0cd85dbd81ec4b251fb24
  h3_flutter: e34ec28cdbde31845cff0b2342c72cf380e7e979

PODFILE CHECKSUM: 353c8bcc5d5b0994e508d035b5431cfe18c1dea7

COCOAPODS: 1.11.3
