PODS:
  - FlutterMacOS (1.0.0)
  - h3_flutter (0.4.2):
    - Flutter
    - FlutterMacOS

DEPENDENCIES:
  - FlutterMacOS (from `Flutter/ephemeral`)
  - h3_flutter (from `Flutter/ephemeral/.symlinks/plugins/h3_flutter/darwin`)

EXTERNAL SOURCES:
  FlutterMacOS:
    :path: Flutter/ephemeral
  h3_flutter:
    :path: Flutter/ephemeral/.symlinks/plugins/h3_flutter/darwin

SPEC CHECKSUMS:
  FlutterMacOS: 8f6f14fa908a6fb3fba0cd85dbd81ec4b251fb24
  h3_flutter: 4bf7edd746baae0e48e3266246100afb284afab2

PODFILE CHECKSUM: 7eb978b976557c8c1cd717d8185ec483fd090a82

COCOAPODS: 1.16.2
