# Generated by pub
# See https://dart.dev/tools/pub/glossary#lockfile
packages:
  ffi:
    dependency: "direct main"
    description:
      name: ffi
      url: "https://pub.dartlang.org"
    source: hosted
    version: "1.2.1"
  h3_common:
    dependency: transitive
    description:
      path: "../h3_common"
      relative: true
    source: path
    version: "0.6.0"
  h3_ffi:
    dependency: "direct main"
    description:
      path: "../h3_ffi"
      relative: true
    source: path
    version: "0.6.0"
  h3_web:
    dependency: "direct main"
    description:
      path: "../h3_web"
      relative: true
    source: path
    version: "0.6.0"
  js:
    dependency: transitive
    description:
      name: js
      url: "https://pub.dartlang.org"
    source: hosted
    version: "0.6.4"
  path:
    dependency: transitive
    description:
      name: path
      url: "https://pub.dartlang.org"
    source: hosted
    version: "1.8.2"
sdks:
  dart: ">=2.16.0-100.0.dev <3.0.0"
