# Generated by pub
# See https://dart.dev/tools/pub/glossary#lockfile
packages:
  ffi:
    dependency: transitive
    description:
      name: ffi
      sha256: a38574032c5f1dd06c4aee541789906c12ccaab8ba01446e800d9c5b79c4a978
      url: "https://pub.dev"
    source: hosted
    version: "2.0.1"
  geojson2h3:
    dependency: "direct overridden"
    description:
      path: "../../../geojson2h3"
      relative: true
    source: path
    version: "0.6.1"
  h3_common:
    dependency: "direct overridden"
    description:
      path: "../../../h3_common"
      relative: true
    source: path
    version: "0.6.1"
  h3_dart:
    dependency: "direct main"
    description:
      path: "../.."
      relative: true
    source: path
    version: "0.6.2"
  h3_ffi:
    dependency: "direct overridden"
    description:
      path: "../../../h3_ffi"
      relative: true
    source: path
    version: "0.6.2"
  h3_web:
    dependency: "direct overridden"
    description:
      path: "../../../h3_web"
      relative: true
    source: path
    version: "0.6.1"
  js:
    dependency: transitive
    description:
      name: js
      sha256: "323b7c70073cccf6b9b8d8b334be418a3293cfb612a560dc2737160a37bf61bd"
      url: "https://pub.dev"
    source: hosted
    version: "0.6.6"
  lints:
    dependency: "direct dev"
    description:
      name: lints
      sha256: "5e4a9cd06d447758280a8ac2405101e0e2094d2a1dbdd3756aec3fe7775ba593"
      url: "https://pub.dev"
    source: hosted
    version: "2.0.1"
  meta:
    dependency: transitive
    description:
      name: meta
      sha256: "6c268b42ed578a53088d834796959e4a1814b5e9e164f147f580a386e5decf42"
      url: "https://pub.dev"
    source: hosted
    version: "1.8.0"
  path:
    dependency: transitive
    description:
      name: path
      sha256: "8829d8a55c13fc0e37127c29fedf290c102f4e40ae94ada574091fe0ff96c917"
      url: "https://pub.dev"
    source: hosted
    version: "1.8.3"
sdks:
  dart: ">=2.19.0-345.0.dev <4.0.0"
